
Microsoft Visual Studio Solution File, Format Version 12.00
Project("{FAE04EC0-301F-11D3-BF4B-00C04F79EFBC}") = "CurrencyIndexApi", "CurrencyIndexApi.csproj", "{297F5D86-422D-427C-9255-80A8076704A3}"
EndProject
Global
	GlobalSection(SolutionConfigurationPlatforms) = preSolution
		Debug|Any CPU = Debug|Any CPU
		Release|Any CPU = Release|Any CPU
	EndGlobalSection
	GlobalSection(ProjectConfigurationPlatforms) = postSolution
		{297F5D86-422D-427C-9255-80A8076704A3}.Debug|Any CPU.ActiveCfg = Debug|Any CPU
		{297F5D86-422D-427C-9255-80A8076704A3}.Debug|Any CPU.Build.0 = Debug|Any CPU
		{297F5D86-422D-427C-9255-80A8076704A3}.Release|Any CPU.ActiveCfg = Release|Any CPU
		{297F5D86-422D-427C-9255-80A8076704A3}.Release|Any CPU.Build.0 = Release|Any CPU
	EndGlobalSection
EndGlobal
